// !$*UTF8*$!
{
	archiveVersion = 1;
	classes = {
	};
	objectVersion = 46;
	objects = {

/* Begin PBXBuildFile section */
		B7566DB716A95A2E000D14DF /* Foundation.framework in Frameworks */ = {isa = PBXBuildFile; fileRef = B7566DB616A95A2E000D14DF /* Foundation.framework */; };
		B7566DC716A95A2E000D14DF /* PonyDebuggerInjected.mm in Sources */ = {isa = PBXBuildFile; fileRef = B7566DC616A95A2E000D14DF /* PonyDebuggerInjected.mm */; };
		B7566DD216A95B86000D14DF /* PonyDebuggerInjectedController.h in Headers */ = {isa = PBXBuildFile; fileRef = B7566DD016A95B86000D14DF /* PonyDebuggerInjectedController.h */; };
		B7566DD316A95B86000D14DF /* PonyDebuggerInjectedController.m in Sources */ = {isa = PBXBuildFile; fileRef = B7566DD116A95B86000D14DF /* PonyDebuggerInjectedController.m */; };
		B7566DE416A95D5E000D14DF /* libPonyDebugger.a in Frameworks */ = {isa = PBXBuildFile; fileRef = B7566DE016A95D4C000D14DF /* libPonyDebugger.a */; };
		B7566E0716A96690000D14DF /* libicucore.dylib in Frameworks */ = {isa = PBXBuildFile; fileRef = B7566E0616A96690000D14DF /* libicucore.dylib */; };
		B7566E0916A96696000D14DF /* CFNetwork.framework in Frameworks */ = {isa = PBXBuildFile; fileRef = B7566E0816A96696000D14DF /* CFNetwork.framework */; };
		B7566E0B16A9669D000D14DF /* CoreData.framework in Frameworks */ = {isa = PBXBuildFile; fileRef = B7566E0A16A9669D000D14DF /* CoreData.framework */; };
		B7566E0D16A966A4000D14DF /* Security.framework in Frameworks */ = {isa = PBXBuildFile; fileRef = B7566E0C16A966A4000D14DF /* Security.framework */; };
		B7566E0F16A966B4000D14DF /* UIKit.framework in Frameworks */ = {isa = PBXBuildFile; fileRef = B7566E0E16A966B4000D14DF /* UIKit.framework */; };
		B7566E1116A966C4000D14DF /* CoreGraphics.framework in Frameworks */ = {isa = PBXBuildFile; fileRef = B7566E1016A966C4000D14DF /* CoreGraphics.framework */; };
		B7566E1316A966E7000D14DF /* libSocketRocket.a in Frameworks */ = {isa = PBXBuildFile; fileRef = B7566E1216A966E7000D14DF /* libSocketRocket.a */; };
		B7566E4B16A97FCA000D14DF /* QuartzCore.framework in Frameworks */ = {isa = PBXBuildFile; fileRef = B7566E4A16A97FCA000D14DF /* QuartzCore.framework */; };
/* End PBXBuildFile section */

/* Begin PBXContainerItemProxy section */
		B7566DDF16A95D4C000D14DF /* PBXContainerItemProxy */ = {
			isa = PBXContainerItemProxy;
			containerPortal = B7566DD716A95D4C000D14DF /* PonyDebugger.xcodeproj */;
			proxyType = 2;
			remoteGlobalIDString = F683ADAC14FC1B4C008EBBA7;
			remoteInfo = PonyDebugger;
		};
		B7566DE216A95D59000D14DF /* PBXContainerItemProxy */ = {
			isa = PBXContainerItemProxy;
			containerPortal = B7566DD716A95D4C000D14DF /* PonyDebugger.xcodeproj */;
			proxyType = 1;
			remoteGlobalIDString = F683ADAB14FC1B4C008EBBA7;
			remoteInfo = PonyDebugger;
		};
/* End PBXContainerItemProxy section */

/* Begin PBXFileReference section */
		B7566DB316A95A2E000D14DF /* PonyDebuggerInjected.dylib */ = {isa = PBXFileReference; explicitFileType = "compiled.mach-o.dylib"; includeInIndex = 0; path = PonyDebuggerInjected.dylib; sourceTree = BUILT_PRODUCTS_DIR; };
		B7566DB616A95A2E000D14DF /* Foundation.framework */ = {isa = PBXFileReference; lastKnownFileType = wrapper.framework; name = Foundation.framework; path = System/Library/Frameworks/Foundation.framework; sourceTree = SDKROOT; };
		B7566DBB16A95A2E000D14DF /* control.txt */ = {isa = PBXFileReference; lastKnownFileType = text; name = control.txt; path = Package/DEBIAN/control.txt; sourceTree = "<group>"; };
		B7566DBC16A95A2E000D14DF /* control */ = {isa = PBXFileReference; lastKnownFileType = text; name = control; path = Package/DEBIAN/control; sourceTree = "<group>"; };
		B7566DBE16A95A2E000D14DF /* PackageVersion.plist */ = {isa = PBXFileReference; lastKnownFileType = text.plist.xml; path = PackageVersion.plist; sourceTree = "<group>"; };
		B7566DC216A95A2E000D14DF /* PonyDebuggerInjected.plist */ = {isa = PBXFileReference; lastKnownFileType = text.plist.xml; name = PonyDebuggerInjected.plist; path = Package/Library/PreferenceLoader/Preferences/PonyDebuggerInjected.plist; sourceTree = "<group>"; };
		B7566DC316A95A2E000D14DF /* PonyDebuggerInjectedIcon.png */ = {isa = PBXFileReference; lastKnownFileType = image.png; name = PonyDebuggerInjectedIcon.png; path = Package/Library/PreferenceLoader/Preferences/PonyDebuggerInjectedIcon.png; sourceTree = "<group>"; };
		B7566DC416A95A2E000D14DF /* PonyDebuggerInjectedIcon@2x.png */ = {isa = PBXFileReference; lastKnownFileType = image.png; name = "PonyDebuggerInjectedIcon@2x.png"; path = "Package/Library/PreferenceLoader/Preferences/PonyDebuggerInjectedIcon@2x.png"; sourceTree = "<group>"; };
		B7566DC516A95A2E000D14DF /* PonyDebuggerInjected-Prefix.pch */ = {isa = PBXFileReference; lastKnownFileType = sourcecode.c.h; path = "PonyDebuggerInjected-Prefix.pch"; sourceTree = "<group>"; };
		B7566DC616A95A2E000D14DF /* PonyDebuggerInjected.mm */ = {isa = PBXFileReference; lastKnownFileType = sourcecode.cpp.objcpp; path = PonyDebuggerInjected.mm; sourceTree = "<group>"; };
		B7566DCA16A95A2E000D14DF /* PonyDebuggerInjected.plist */ = {isa = PBXFileReference; lastKnownFileType = text.plist.xml; name = PonyDebuggerInjected.plist; path = Package/Library/MobileSubstrate/DynamicLibraries/PonyDebuggerInjected.plist; sourceTree = "<group>"; };
		B7566DD016A95B86000D14DF /* PonyDebuggerInjectedController.h */ = {isa = PBXFileReference; fileEncoding = 4; lastKnownFileType = sourcecode.c.h; path = PonyDebuggerInjectedController.h; sourceTree = "<group>"; };
		B7566DD116A95B86000D14DF /* PonyDebuggerInjectedController.m */ = {isa = PBXFileReference; fileEncoding = 4; lastKnownFileType = sourcecode.c.objc; path = PonyDebuggerInjectedController.m; sourceTree = "<group>"; };
		B7566DD716A95D4C000D14DF /* PonyDebugger.xcodeproj */ = {isa = PBXFileReference; lastKnownFileType = "wrapper.pb-project"; name = PonyDebugger.xcodeproj; path = PonyDebugger/ObjC/PonyDebugger.xcodeproj; sourceTree = "<group>"; };
		B7566E0616A96690000D14DF /* libicucore.dylib */ = {isa = PBXFileReference; lastKnownFileType = "compiled.mach-o.dylib"; name = libicucore.dylib; path = usr/lib/libicucore.dylib; sourceTree = SDKROOT; };
		B7566E0816A96696000D14DF /* CFNetwork.framework */ = {isa = PBXFileReference; lastKnownFileType = wrapper.framework; name = CFNetwork.framework; path = System/Library/Frameworks/CFNetwork.framework; sourceTree = SDKROOT; };
		B7566E0A16A9669D000D14DF /* CoreData.framework */ = {isa = PBXFileReference; lastKnownFileType = wrapper.framework; name = CoreData.framework; path = System/Library/Frameworks/CoreData.framework; sourceTree = SDKROOT; };
		B7566E0C16A966A4000D14DF /* Security.framework */ = {isa = PBXFileReference; lastKnownFileType = wrapper.framework; name = Security.framework; path = System/Library/Frameworks/Security.framework; sourceTree = SDKROOT; };
		B7566E0E16A966B4000D14DF /* UIKit.framework */ = {isa = PBXFileReference; lastKnownFileType = wrapper.framework; name = UIKit.framework; path = System/Library/Frameworks/UIKit.framework; sourceTree = SDKROOT; };
		B7566E1016A966C4000D14DF /* CoreGraphics.framework */ = {isa = PBXFileReference; lastKnownFileType = wrapper.framework; name = CoreGraphics.framework; path = System/Library/Frameworks/CoreGraphics.framework; sourceTree = SDKROOT; };
		B7566E1216A966E7000D14DF /* libSocketRocket.a */ = {isa = PBXFileReference; lastKnownFileType = archive.ar; name = libSocketRocket.a; path = "../Library/Developer/Xcode/DerivedData/PonyDebuggerInjected-atkxoauoxdpebofgdjorwlaoawms/Build/Products/Debug-iphoneos/libSocketRocket.a"; sourceTree = "<group>"; };
		B7566E4A16A97FCA000D14DF /* QuartzCore.framework */ = {isa = PBXFileReference; lastKnownFileType = wrapper.framework; name = QuartzCore.framework; path = System/Library/Frameworks/QuartzCore.framework; sourceTree = SDKROOT; };
/* End PBXFileReference section */

/* Begin PBXFrameworksBuildPhase section */
		B7566DAF16A95A2E000D14DF /* Frameworks */ = {
			isa = PBXFrameworksBuildPhase;
			buildActionMask = 2147483647;
			files = (
				B7566E4B16A97FCA000D14DF /* QuartzCore.framework in Frameworks */,
				B7566E1316A966E7000D14DF /* libSocketRocket.a in Frameworks */,
				B7566E1116A966C4000D14DF /* CoreGraphics.framework in Frameworks */,
				B7566E0F16A966B4000D14DF /* UIKit.framework in Frameworks */,
				B7566E0D16A966A4000D14DF /* Security.framework in Frameworks */,
				B7566E0B16A9669D000D14DF /* CoreData.framework in Frameworks */,
				B7566E0916A96696000D14DF /* CFNetwork.framework in Frameworks */,
				B7566E0716A96690000D14DF /* libicucore.dylib in Frameworks */,
				B7566DE416A95D5E000D14DF /* libPonyDebugger.a in Frameworks */,
				B7566DB716A95A2E000D14DF /* Foundation.framework in Frameworks */,
			);
			runOnlyForDeploymentPostprocessing = 0;
		};
/* End PBXFrameworksBuildPhase section */

/* Begin PBXGroup section */
		B7566DA716A95A2E000D14DF = {
			isa = PBXGroup;
			children = (
				B7566E4A16A97FCA000D14DF /* QuartzCore.framework */,
				B7566E1216A966E7000D14DF /* libSocketRocket.a */,
				B7566E1016A966C4000D14DF /* CoreGraphics.framework */,
				B7566E0E16A966B4000D14DF /* UIKit.framework */,
				B7566E0C16A966A4000D14DF /* Security.framework */,
				B7566E0A16A9669D000D14DF /* CoreData.framework */,
				B7566E0816A96696000D14DF /* CFNetwork.framework */,
				B7566E0616A96690000D14DF /* libicucore.dylib */,
				B7566DD716A95D4C000D14DF /* PonyDebugger.xcodeproj */,
				B7566DB816A95A2E000D14DF /* PonyDebuggerInjected */,
				B7566DB516A95A2E000D14DF /* Frameworks */,
				B7566DB416A95A2E000D14DF /* Products */,
			);
			sourceTree = "<group>";
		};
		B7566DB416A95A2E000D14DF /* Products */ = {
			isa = PBXGroup;
			children = (
				B7566DB316A95A2E000D14DF /* PonyDebuggerInjected.dylib */,
			);
			name = Products;
			sourceTree = "<group>";
		};
		B7566DB516A95A2E000D14DF /* Frameworks */ = {
			isa = PBXGroup;
			children = (
				B7566DB616A95A2E000D14DF /* Foundation.framework */,
			);
			name = Frameworks;
			sourceTree = "<group>";
		};
		B7566DB816A95A2E000D14DF /* PonyDebuggerInjected */ = {
			isa = PBXGroup;
			children = (
				B7566DC616A95A2E000D14DF /* PonyDebuggerInjected.mm */,
				B7566DD016A95B86000D14DF /* PonyDebuggerInjectedController.h */,
				B7566DD116A95B86000D14DF /* PonyDebuggerInjectedController.m */,
				B7566DB916A95A2E000D14DF /* Package */,
				B7566DBD16A95A2E000D14DF /* Supporting Files */,
			);
			path = PonyDebuggerInjected;
			sourceTree = "<group>";
		};
		B7566DB916A95A2E000D14DF /* Package */ = {
			isa = PBXGroup;
			children = (
				B7566DBA16A95A2E000D14DF /* DEBIAN */,
				B7566DBF16A95A2E000D14DF /* Library */,
			);
			name = Package;
			sourceTree = "<group>";
		};
		B7566DBA16A95A2E000D14DF /* DEBIAN */ = {
			isa = PBXGroup;
			children = (
				B7566DBB16A95A2E000D14DF /* control.txt */,
				B7566DBC16A95A2E000D14DF /* control */,
			);
			name = DEBIAN;
			sourceTree = "<group>";
		};
		B7566DBD16A95A2E000D14DF /* Supporting Files */ = {
			isa = PBXGroup;
			children = (
				B7566DBE16A95A2E000D14DF /* PackageVersion.plist */,
				B7566DC516A95A2E000D14DF /* PonyDebuggerInjected-Prefix.pch */,
			);
			name = "Supporting Files";
			sourceTree = "<group>";
		};
		B7566DBF16A95A2E000D14DF /* Library */ = {
			isa = PBXGroup;
			children = (
				B7566DC016A95A2E000D14DF /* PreferenceLoader */,
				B7566DC816A95A2E000D14DF /* MobileSubstrate */,
			);
			name = Library;
			sourceTree = "<group>";
		};
		B7566DC016A95A2E000D14DF /* PreferenceLoader */ = {
			isa = PBXGroup;
			children = (
				B7566DC116A95A2E000D14DF /* Preferences */,
			);
			name = PreferenceLoader;
			sourceTree = "<group>";
		};
		B7566DC116A95A2E000D14DF /* Preferences */ = {
			isa = PBXGroup;
			children = (
				B7566DC216A95A2E000D14DF /* PonyDebuggerInjected.plist */,
				B7566DC316A95A2E000D14DF /* PonyDebuggerInjectedIcon.png */,
				B7566DC416A95A2E000D14DF /* PonyDebuggerInjectedIcon@2x.png */,
			);
			name = Preferences;
			sourceTree = "<group>";
		};
		B7566DC816A95A2E000D14DF /* MobileSubstrate */ = {
			isa = PBXGroup;
			children = (
				B7566DC916A95A2E000D14DF /* DynamicLibraries */,
			);
			name = MobileSubstrate;
			sourceTree = "<group>";
		};
		B7566DC916A95A2E000D14DF /* DynamicLibraries */ = {
			isa = PBXGroup;
			children = (
				B7566DCA16A95A2E000D14DF /* PonyDebuggerInjected.plist */,
			);
			name = DynamicLibraries;
			sourceTree = "<group>";
		};
		B7566DD816A95D4C000D14DF /* Products */ = {
			isa = PBXGroup;
			children = (
				B7566DE016A95D4C000D14DF /* libPonyDebugger.a */,
			);
			name = Products;
			sourceTree = "<group>";
		};
/* End PBXGroup section */

/* Begin PBXHeadersBuildPhase section */
		B7566DB016A95A2E000D14DF /* Headers */ = {
			isa = PBXHeadersBuildPhase;
			buildActionMask = 2147483647;
			files = (
				B7566DD216A95B86000D14DF /* PonyDebuggerInjectedController.h in Headers */,
			);
			runOnlyForDeploymentPostprocessing = 0;
		};
/* End PBXHeadersBuildPhase section */

/* Begin PBXNativeTarget section */
		B7566DB216A95A2E000D14DF /* PonyDebuggerInjected */ = {
			isa = PBXNativeTarget;
			buildConfigurationList = B7566DCD16A95A2E000D14DF /* Build configuration list for PBXNativeTarget "PonyDebuggerInjected" */;
			buildPhases = (
				B7566DAE16A95A2E000D14DF /* Sources */,
				B7566DAF16A95A2E000D14DF /* Frameworks */,
				B7566DB016A95A2E000D14DF /* Headers */,
				B7566DB116A95A2E000D14DF /* ShellScript */,
			);
			buildRules = (
			);
			dependencies = (
				B7566DE316A95D59000D14DF /* PBXTargetDependency */,
			);
			name = PonyDebuggerInjected;
			productName = PonyDebuggerInjected;
			productReference = B7566DB316A95A2E000D14DF /* PonyDebuggerInjected.dylib */;
			productType = "com.apple.product-type.library.dynamic";
		};
/* End PBXNativeTarget section */

/* Begin PBXProject section */
		B7566DA916A95A2E000D14DF /* Project object */ = {
			isa = PBXProject;
			attributes = {
				LastUpgradeCheck = 0450;
			};
			buildConfigurationList = B7566DAC16A95A2E000D14DF /* Build configuration list for PBXProject "PonyDebuggerInjected" */;
			compatibilityVersion = "Xcode 3.2";
			developmentRegion = English;
			hasScannedForEncodings = 0;
			knownRegions = (
				en,
			);
			mainGroup = B7566DA716A95A2E000D14DF;
			productRefGroup = B7566DB416A95A2E000D14DF /* Products */;
			projectDirPath = "";
			projectReferences = (
				{
					ProductGroup = B7566DD816A95D4C000D14DF /* Products */;
					ProjectRef = B7566DD716A95D4C000D14DF /* PonyDebugger.xcodeproj */;
				},
			);
			projectRoot = "";
			targets = (
				B7566DB216A95A2E000D14DF /* PonyDebuggerInjected */,
			);
		};
/* End PBXProject section */

/* Begin PBXReferenceProxy section */
		B7566DE016A95D4C000D14DF /* libPonyDebugger.a */ = {
			isa = PBXReferenceProxy;
			fileType = archive.ar;
			path = libPonyDebugger.a;
			remoteRef = B7566DDF16A95D4C000D14DF /* PBXContainerItemProxy */;
			sourceTree = BUILT_PRODUCTS_DIR;
		};
/* End PBXReferenceProxy section */

/* Begin PBXShellScriptBuildPhase section */
		B7566DB116A95A2E000D14DF /* ShellScript */ = {
			isa = PBXShellScriptBuildPhase;
			buildActionMask = 2147483647;
			files = (
			);
			inputPaths = (
			);
			outputPaths = (
			);
			runOnlyForDeploymentPostprocessing = 0;
			shellPath = /bin/sh;
			shellScript = "/opt/iOSOpenDev/bin/iosod --xcbp";
		};
/* End PBXShellScriptBuildPhase section */

/* Begin PBXSourcesBuildPhase section */
		B7566DAE16A95A2E000D14DF /* Sources */ = {
			isa = PBXSourcesBuildPhase;
			buildActionMask = 2147483647;
			files = (
				B7566DC716A95A2E000D14DF /* PonyDebuggerInjected.mm in Sources */,
				B7566DD316A95B86000D14DF /* PonyDebuggerInjectedController.m in Sources */,
			);
			runOnlyForDeploymentPostprocessing = 0;
		};
/* End PBXSourcesBuildPhase section */

/* Begin PBXTargetDependency section */
		B7566DE316A95D59000D14DF /* PBXTargetDependency */ = {
			isa = PBXTargetDependency;
			name = PonyDebugger;
			targetProxy = B7566DE216A95D59000D14DF /* PBXContainerItemProxy */;
		};
/* End PBXTargetDependency section */

/* Begin XCBuildConfiguration section */
		B7566DCB16A95A2E000D14DF /* Debug */ = {
			isa = XCBuildConfiguration;
			buildSettings = {
				COPY_PHASE_STRIP = NO;
				EXCLUDED_RECURSIVE_SEARCH_PATH_SUBDIRECTORIES = "*.nib *.lproj *.gch (*) .DS_Store CVS .svn .git .hg *.xcodeproj *.xcode *.pbproj *.pbxproj";
				FRAMEWORK_SEARCH_PATHS = (
					"$(iOSOpenDevPath)/frameworks/**",
					"$(SDKROOT)/System/Library/PrivateFrameworks",
				);
				GCC_C_LANGUAGE_STANDARD = gnu99;
				GCC_DYNAMIC_NO_PIC = NO;
				GCC_OPTIMIZATION_LEVEL = 0;
				GCC_PREPROCESSOR_DEFINITIONS = (
					"DEBUG=1",
					"$(inherited)",
				);
				GCC_SYMBOLS_PRIVATE_EXTERN = NO;
				GCC_WARN_ABOUT_MISSING_PROTOTYPES = YES;
				GCC_WARN_ABOUT_RETURN_TYPE = YES;
				GCC_WARN_UNUSED_VARIABLE = YES;
				HEADER_SEARCH_PATHS = "$(iOSOpenDevPath)/include/**";
				IPHONEOS_DEPLOYMENT_TARGET = 6.0;
				LIBRARY_SEARCH_PATHS = "$(iOSOpenDevPath)/lib/**";
				ONLY_ACTIVE_ARCH = YES;
				SDKROOT = iphoneos;
				TARGETED_DEVICE_FAMILY = "1,2";
				VALIDATE_PRODUCT = NO;
				iOSOpenDevPath = /opt/iOSOpenDev;
			};
			name = Debug;
		};
		B7566DCC16A95A2E000D14DF /* Release */ = {
			isa = XCBuildConfiguration;
			buildSettings = {
				COPY_PHASE_STRIP = YES;
				EXCLUDED_RECURSIVE_SEARCH_PATH_SUBDIRECTORIES = "*.nib *.lproj *.gch (*) .DS_Store CVS .svn .git .hg *.xcodeproj *.xcode *.pbproj *.pbxproj";
				FRAMEWORK_SEARCH_PATHS = (
					"$(iOSOpenDevPath)/frameworks/**",
					"$(SDKROOT)/System/Library/PrivateFrameworks",
				);
				GCC_C_LANGUAGE_STANDARD = gnu99;
				GCC_WARN_ABOUT_MISSING_PROTOTYPES = YES;
				GCC_WARN_ABOUT_RETURN_TYPE = YES;
				GCC_WARN_UNUSED_VARIABLE = YES;
				HEADER_SEARCH_PATHS = "$(iOSOpenDevPath)/include/**";
				IPHONEOS_DEPLOYMENT_TARGET = 6.0;
				LIBRARY_SEARCH_PATHS = "$(iOSOpenDevPath)/lib/**";
				SDKROOT = iphoneos;
				TARGETED_DEVICE_FAMILY = "1,2";
				VALIDATE_PRODUCT = YES;
				iOSOpenDevPath = /opt/iOSOpenDev;
			};
			name = Release;
		};
		B7566DCE16A95A2E000D14DF /* Debug */ = {
			isa = XCBuildConfiguration;
			buildSettings = {
				DYLIB_COMPATIBILITY_VERSION = 1;
				DYLIB_CURRENT_VERSION = 1;
				GCC_PRECOMPILE_PREFIX_HEADER = YES;
				GCC_PREFIX_HEADER = "PonyDebuggerInjected/PonyDebuggerInjected-Prefix.pch";
				HEADER_SEARCH_PATHS = (
					"$(iOSOpenDevPath)/include/**",
					PonyDebugger/ObjC/PonyDebugger,
				);
				INSTALL_PATH = /Library/MobileSubstrate/DynamicLibraries;
				IPHONEOS_DEPLOYMENT_TARGET = 5.1;
				LIBRARY_SEARCH_PATHS = (
					"$(inherited)",
					"\"$(SRCROOT)/../Library/Developer/Xcode/DerivedData/PonyDebuggerInjected-atkxoauoxdpebofgdjorwlaoawms/Build/Products/Debug-iphoneos\"",
				);
				OTHER_LDFLAGS = "-ObjC";
				PRODUCT_NAME = "$(TARGET_NAME)";
				iOSOpenDevBuildPackageOnAnyBuild = YES;
				iOSOpenDevCopyOnBuild = NO;
				iOSOpenDevDevice = "";
				iOSOpenDevInstallOnAnyBuild = NO;
				iOSOpenDevInstallOnProfiling = YES;
				iOSOpenDevRespringOnInstall = YES;
				iOSOpenDevUsePackageVersionPList = YES;
			};
			name = Debug;
		};
		B7566DCF16A95A2E000D14DF /* Release */ = {
			isa = XCBuildConfiguration;
			buildSettings = {
				DYLIB_COMPATIBILITY_VERSION = 1;
				DYLIB_CURRENT_VERSION = 1;
				GCC_PRECOMPILE_PREFIX_HEADER = YES;
				GCC_PREFIX_HEADER = "PonyDebuggerInjected/PonyDebuggerInjected-Prefix.pch";
				HEADER_SEARCH_PATHS = (
					"$(iOSOpenDevPath)/include/**",
					PonyDebugger/ObjC/PonyDebugger,
				);
				INSTALL_PATH = /Library/MobileSubstrate/DynamicLibraries;
				IPHONEOS_DEPLOYMENT_TARGET = 5.1;
				LIBRARY_SEARCH_PATHS = (
					"$(inherited)",
					"\"$(SRCROOT)/../Library/Developer/Xcode/DerivedData/PonyDebuggerInjected-atkxoauoxdpebofgdjorwlaoawms/Build/Products/Debug-iphoneos\"",
				);
				OTHER_LDFLAGS = "-ObjC";
				PRODUCT_NAME = "$(TARGET_NAME)";
				iOSOpenDevBuildPackageOnAnyBuild = YES;
				iOSOpenDevCopyOnBuild = NO;
				iOSOpenDevDevice = "";
				iOSOpenDevInstallOnAnyBuild = NO;
				iOSOpenDevInstallOnProfiling = YES;
				iOSOpenDevRespringOnInstall = YES;
				iOSOpenDevUsePackageVersionPList = YES;
			};
			name = Release;
		};
/* End XCBuildConfiguration section */

/* Begin XCConfigurationList section */
		B7566DAC16A95A2E000D14DF /* Build configuration list for PBXProject "PonyDebuggerInjected" */ = {
			isa = XCConfigurationList;
			buildConfigurations = (
				B7566DCB16A95A2E000D14DF /* Debug */,
				B7566DCC16A95A2E000D14DF /* Release */,
			);
			defaultConfigurationIsVisible = 0;
			defaultConfigurationName = Release;
		};
		B7566DCD16A95A2E000D14DF /* Build configuration list for PBXNativeTarget "PonyDebuggerInjected" */ = {
			isa = XCConfigurationList;
			buildConfigurations = (
				B7566DCE16A95A2E000D14DF /* Debug */,
				B7566DCF16A95A2E000D14DF /* Release */,
			);
			defaultConfigurationIsVisible = 0;
			defaultConfigurationName = Release;
		};
/* End XCConfigurationList section */
	};
	rootObject = B7566DA916A95A2E000D14DF /* Project object */;
}
